
Microsoft Visual Studio Solution File, Format Version 12.00
# Visual Studio 15
VisualStudioVersion = 15.0.27428.2037
MinimumVisualStudioVersion = 10.0.40219.1
Project("{FAE04EC0-301F-11D3-BF4B-00C04F79EFBC}") = "MysqlTienda", "MysqlTienda\MysqlTienda.csproj", "{F5151454-B84A-4251-8695-9B6487BCA895}"
EndProject
Project("{2150E333-8FDC-42A3-9474-1A3956D46DE8}") = "Solution Items", "Solution Items", "{3B489C6D-8190-4A38-AD0D-262A171519AD}"
	ProjectSection(SolutionItems) = preProject
		Class1.cs = Class1.cs
	EndProjectSection
EndProject
Global
	GlobalSection(SolutionConfigurationPlatforms) = preSolution
		Debug|Any CPU = Debug|Any CPU
		Release|Any CPU = Release|Any CPU
	EndGlobalSection
	GlobalSection(ProjectConfigurationPlatforms) = postSolution
		{F5151454-B84A-4251-8695-9B6487BCA895}.Debug|Any CPU.ActiveCfg = Debug|Any CPU
		{F5151454-B84A-4251-8695-9B6487BCA895}.Debug|Any CPU.Build.0 = Debug|Any CPU
		{F5151454-B84A-4251-8695-9B6487BCA895}.Release|Any CPU.ActiveCfg = Release|Any CPU
		{F5151454-B84A-4251-8695-9B6487BCA895}.Release|Any CPU.Build.0 = Release|Any CPU
	EndGlobalSection
	GlobalSection(SolutionProperties) = preSolution
		HideSolutionNode = FALSE
	EndGlobalSection
	GlobalSection(ExtensibilityGlobals) = postSolution
		SolutionGuid = {42303DC0-8CF5-4DB4-BB76-7A900EE4040F}
	EndGlobalSection
EndGlobal
